
Microsoft Visual Studio Solution File, Format Version 12.00
# Visual Studio 2012
Project("{8BC9CEB8-8B4A-11D0-8D11-00A0C91BC942}") = "Server", "Server\Server.vcxproj", "{9C6EF6FD-A5AD-4511-891F-5DCC8B9AEFF7}"
EndProject
Project("{8BC9CEB8-8B4A-11D0-8D11-00A0C91BC942}") = "Client", "Client\Client.vcxproj", "{A8B2FE88-BEF8-4530-AB21-0D9AAE49CE9C}"
EndProject
Global
	GlobalSection(SolutionConfigurationPlatforms) = preSolution
		Debug|Win32 = Debug|Win32
		Release|Win32 = Release|Win32
	EndGlobalSection
	GlobalSection(ProjectConfigurationPlatforms) = postSolution
		{9C6EF6FD-A5AD-4511-891F-5DCC8B9AEFF7}.Debug|Win32.ActiveCfg = Debug|Win32
		{9C6EF6FD-A5AD-4511-891F-5DCC8B9AEFF7}.Debug|Win32.Build.0 = Debug|Win32
		{9C6EF6FD-A5AD-4511-891F-5DCC8B9AEFF7}.Release|Win32.ActiveCfg = Release|Win32
		{9C6EF6FD-A5AD-4511-891F-5DCC8B9AEFF7}.Release|Win32.Build.0 = Release|Win32
		{A8B2FE88-BEF8-4530-AB21-0D9AAE49CE9C}.Debug|Win32.ActiveCfg = Debug|Win32
		{A8B2FE88-BEF8-4530-AB21-0D9AAE49CE9C}.Debug|Win32.Build.0 = Debug|Win32
		{A8B2FE88-BEF8-4530-AB21-0D9AAE49CE9C}.Release|Win32.ActiveCfg = Release|Win32
		{A8B2FE88-BEF8-4530-AB21-0D9AAE49CE9C}.Release|Win32.Build.0 = Release|Win32
	EndGlobalSection
	GlobalSection(SolutionProperties) = preSolution
		HideSolutionNode = FALSE
	EndGlobalSection
EndGlobal
